{
  "name": "bl-shared",
  "version": "1.0.0",
  "lockfileVersion": 3,
  "requires": true,
  "packages": {
    "": {
      "name": "bl-shared",
      "version": "1.0.0",
      "license": "ISC",
      "dependencies": {
        "bl-shared": "file:"
      }
    },
    "node_modules/bl-shared": {
      "resolved": "",
      "link": true
    }
  }
}
